
Microsoft Visual Studio Solution File, Format Version 12.00
# Visual Studio Version 16
VisualStudioVersion = 16.0.29409.12
MinimumVisualStudioVersion = 10.0.40219.1
Project("{FAE04EC0-301F-11D3-BF4B-00C04F79EFBC}") = "ArmaServerFrontend", "ArmaServerPacker\ArmaServerFrontend.csproj", "{5217C1E9-B4D5-4EA6-A7BF-85998B7952EC}"
EndProject
Project("{FAE04EC0-301F-11D3-BF4B-00C04F79EFBC}") = "ArmaServerBackend", "ArmaServerBackend\ArmaServerBackend.csproj", "{B510543A-50B4-409F-AC36-F5B327ECBAFC}"
EndProject
Global
	GlobalSection(SolutionConfigurationPlatforms) = preSolution
		Debug|Any CPU = Debug|Any CPU
		Release|Any CPU = Release|Any CPU
	EndGlobalSection
	GlobalSection(ProjectConfigurationPlatforms) = postSolution
		{5217C1E9-B4D5-4EA6-A7BF-85998B7952EC}.Debug|Any CPU.ActiveCfg = Debug|Any CPU
		{5217C1E9-B4D5-4EA6-A7BF-85998B7952EC}.Debug|Any CPU.Build.0 = Debug|Any CPU
		{5217C1E9-B4D5-4EA6-A7BF-85998B7952EC}.Release|Any CPU.ActiveCfg = Release|Any CPU
		{5217C1E9-B4D5-4EA6-A7BF-85998B7952EC}.Release|Any CPU.Build.0 = Release|Any CPU
		{B510543A-50B4-409F-AC36-F5B327ECBAFC}.Debug|Any CPU.ActiveCfg = Debug|Any CPU
		{B510543A-50B4-409F-AC36-F5B327ECBAFC}.Debug|Any CPU.Build.0 = Debug|Any CPU
		{B510543A-50B4-409F-AC36-F5B327ECBAFC}.Release|Any CPU.ActiveCfg = Release|Any CPU
		{B510543A-50B4-409F-AC36-F5B327ECBAFC}.Release|Any CPU.Build.0 = Release|Any CPU
	EndGlobalSection
	GlobalSection(SolutionProperties) = preSolution
		HideSolutionNode = FALSE
	EndGlobalSection
	GlobalSection(ExtensibilityGlobals) = postSolution
		SolutionGuid = {670A9C44-C878-421F-85D6-16CA4B24B516}
	EndGlobalSection
EndGlobal
